
Microsoft Visual Studio Solution File, Format Version 12.00
# Visual Studio Version 17
VisualStudioVersion = 17.3.32929.385
MinimumVisualStudioVersion = 10.0.40219.1
Project("{9A19103F-16F7-4668-BE54-9A1E7A4F7556}") = "Yemek_Tarif_Core_MVC", "Yemek_Tarif_Core_MVC\Yemek_Tarif_Core_MVC.csproj", "{F221D607-9237-407F-8B4F-228F78D81E99}"
EndProject
Project("{9A19103F-16F7-4668-BE54-9A1E7A4F7556}") = "EntityLayer", "EntityLayer\EntityLayer.csproj", "{3D0797DF-4082-40AC-938F-1E945F9E6AA2}"
EndProject
Project("{9A19103F-16F7-4668-BE54-9A1E7A4F7556}") = "DataAccessLayer", "DataAccessLayer\DataAccessLayer.csproj", "{5DE4C1E5-C87F-4EC0-8BFC-241B79B1DBAD}"
EndProject
Project("{9A19103F-16F7-4668-BE54-9A1E7A4F7556}") = "BusinessLayer", "BusinessLayer\BusinessLayer.csproj", "{3107D5B8-A3FD-4088-A667-DF1976952809}"
EndProject
Project("{9A19103F-16F7-4668-BE54-9A1E7A4F7556}") = "CoreLayer", "CoreLayer\CoreLayer.csproj", "{32DDA7E6-6408-49BC-B7C2-F56E14443EB0}"
EndProject
Project("{9A19103F-16F7-4668-BE54-9A1E7A4F7556}") = "YemekTarifApi", "YemekTarifApi\YemekTarifApi.csproj", "{CDC092F0-27FB-4929-ABA9-58B70DEBDBEB}"
EndProject
Project("{FAE04EC0-301F-11D3-BF4B-00C04F79EFBC}") = "JWT_Core_Yemek_Tarif", "JWT_Core_Yemek_Tarif\JWT_Core_Yemek_Tarif.csproj", "{7E9C806E-A263-4AC7-A19A-2B2E4940FE5B}"
EndProject
Global
	GlobalSection(SolutionConfigurationPlatforms) = preSolution
		Debug|Any CPU = Debug|Any CPU
		Release|Any CPU = Release|Any CPU
	EndGlobalSection
	GlobalSection(ProjectConfigurationPlatforms) = postSolution
		{F221D607-9237-407F-8B4F-228F78D81E99}.Debug|Any CPU.ActiveCfg = Debug|Any CPU
		{F221D607-9237-407F-8B4F-228F78D81E99}.Debug|Any CPU.Build.0 = Debug|Any CPU
		{F221D607-9237-407F-8B4F-228F78D81E99}.Release|Any CPU.ActiveCfg = Release|Any CPU
		{F221D607-9237-407F-8B4F-228F78D81E99}.Release|Any CPU.Build.0 = Release|Any CPU
		{3D0797DF-4082-40AC-938F-1E945F9E6AA2}.Debug|Any CPU.ActiveCfg = Debug|Any CPU
		{3D0797DF-4082-40AC-938F-1E945F9E6AA2}.Debug|Any CPU.Build.0 = Debug|Any CPU
		{3D0797DF-4082-40AC-938F-1E945F9E6AA2}.Release|Any CPU.ActiveCfg = Release|Any CPU
		{3D0797DF-4082-40AC-938F-1E945F9E6AA2}.Release|Any CPU.Build.0 = Release|Any CPU
		{5DE4C1E5-C87F-4EC0-8BFC-241B79B1DBAD}.Debug|Any CPU.ActiveCfg = Debug|Any CPU
		{5DE4C1E5-C87F-4EC0-8BFC-241B79B1DBAD}.Debug|Any CPU.Build.0 = Debug|Any CPU
		{5DE4C1E5-C87F-4EC0-8BFC-241B79B1DBAD}.Release|Any CPU.ActiveCfg = Release|Any CPU
		{5DE4C1E5-C87F-4EC0-8BFC-241B79B1DBAD}.Release|Any CPU.Build.0 = Release|Any CPU
		{3107D5B8-A3FD-4088-A667-DF1976952809}.Debug|Any CPU.ActiveCfg = Debug|Any CPU
		{3107D5B8-A3FD-4088-A667-DF1976952809}.Debug|Any CPU.Build.0 = Debug|Any CPU
		{3107D5B8-A3FD-4088-A667-DF1976952809}.Release|Any CPU.ActiveCfg = Release|Any CPU
		{3107D5B8-A3FD-4088-A667-DF1976952809}.Release|Any CPU.Build.0 = Release|Any CPU
		{32DDA7E6-6408-49BC-B7C2-F56E14443EB0}.Debug|Any CPU.ActiveCfg = Debug|Any CPU
		{32DDA7E6-6408-49BC-B7C2-F56E14443EB0}.Debug|Any CPU.Build.0 = Debug|Any CPU
		{32DDA7E6-6408-49BC-B7C2-F56E14443EB0}.Release|Any CPU.ActiveCfg = Release|Any CPU
		{32DDA7E6-6408-49BC-B7C2-F56E14443EB0}.Release|Any CPU.Build.0 = Release|Any CPU
		{CDC092F0-27FB-4929-ABA9-58B70DEBDBEB}.Debug|Any CPU.ActiveCfg = Debug|Any CPU
		{CDC092F0-27FB-4929-ABA9-58B70DEBDBEB}.Debug|Any CPU.Build.0 = Debug|Any CPU
		{CDC092F0-27FB-4929-ABA9-58B70DEBDBEB}.Release|Any CPU.ActiveCfg = Release|Any CPU
		{CDC092F0-27FB-4929-ABA9-58B70DEBDBEB}.Release|Any CPU.Build.0 = Release|Any CPU
		{7E9C806E-A263-4AC7-A19A-2B2E4940FE5B}.Debug|Any CPU.ActiveCfg = Debug|Any CPU
		{7E9C806E-A263-4AC7-A19A-2B2E4940FE5B}.Debug|Any CPU.Build.0 = Debug|Any CPU
		{7E9C806E-A263-4AC7-A19A-2B2E4940FE5B}.Release|Any CPU.ActiveCfg = Release|Any CPU
		{7E9C806E-A263-4AC7-A19A-2B2E4940FE5B}.Release|Any CPU.Build.0 = Release|Any CPU
	EndGlobalSection
	GlobalSection(SolutionProperties) = preSolution
		HideSolutionNode = FALSE
	EndGlobalSection
	GlobalSection(ExtensibilityGlobals) = postSolution
		SolutionGuid = {D909ECE8-C898-4E94-B3CF-55D3D21C15CE}
	EndGlobalSection
EndGlobal
